
Microsoft Visual Studio Solution File, Format Version 12.00
# Visual Studio 14
VisualStudioVersion = 14.0.25420.1
MinimumVisualStudioVersion = 10.0.40219.1
Project("{FAE04EC0-301F-11D3-BF4B-00C04F79EFBC}") = "RKE.Entity", "RKE.Entity\RKE.Entity.csproj", "{60B6292D-90C4-44DA-8AA1-3C4E9AE9BF3F}"
EndProject
Project("{FAE04EC0-301F-11D3-BF4B-00C04F79EFBC}") = "RKE.OpenConsole", "RKE.OpenConsole\RKE.OpenConsole.csproj", "{0BCCFC0E-9C66-43AC-8519-AC44F545DF0F}"
EndProject
Project("{FAE04EC0-301F-11D3-BF4B-00C04F79EFBC}") = "RKE.DAL.Concrate", "RKE.DAL.Concrate\RKE.DAL.Concrate.csproj", "{B3494E51-6785-431C-8CCC-BA1772618583}"
EndProject
Project("{2150E333-8FDC-42A3-9474-1A3956D46DE8}") = "Solution Items", "Solution Items", "{EFEC77CB-334F-4DDC-B3CF-DDFC79A50BBE}"
EndProject
Project("{FAE04EC0-301F-11D3-BF4B-00C04F79EFBC}") = "RKE.DAL.Abstract", "RKE.Dal.Abstract\RKE.DAL.Abstract.csproj", "{1E36CF47-8851-48A0-8778-1957B9E1C96A}"
EndProject
Project("{FAE04EC0-301F-11D3-BF4B-00C04F79EFBC}") = "RKE.UIModels", "RKE.ViewModels\RKE.UIModels.csproj", "{67E8D9E2-CDA5-430F-A707-8608FB1474D7}"
EndProject
Project("{FAE04EC0-301F-11D3-BF4B-00C04F79EFBC}") = "RKE.BL.Abstract", "RKE.BL.Abstract\RKE.BL.Abstract.csproj", "{516372AB-DC22-42A6-9DA4-850C13873418}"
EndProject
Project("{FAE04EC0-301F-11D3-BF4B-00C04F79EFBC}") = "RKE.BL.Concrete", "RKE.BL.Concrete\RKE.BL.Concrete.csproj", "{A4A9190A-7581-4BEF-B706-D82A06147B98}"
EndProject
Project("{FAE04EC0-301F-11D3-BF4B-00C04F79EFBC}") = "RKE.IOC.Common", "RKE.IOC.Common\RKE.IOC.Common.csproj", "{C7FCBD30-0389-4081-A1ED-80C24058D621}"
EndProject
Project("{FAE04EC0-301F-11D3-BF4B-00C04F79EFBC}") = "RKE.IOC.Manager", "RKE.IOC.Manager\RKE.IOC.Manager.csproj", "{B21A4048-F59C-428B-8372-20139C32F17A}"
EndProject
Project("{FAE04EC0-301F-11D3-BF4B-00C04F79EFBC}") = "RKE.WebUI", "RKE.WebUI\RKE.WebUI.csproj", "{E8E7F7C3-D937-4075-B554-1A6013DDD0FD}"
EndProject
Project("{FAE04EC0-301F-11D3-BF4B-00C04F79EFBC}") = "RKE.Identity", "RKE.Identity\RKE.Identity.csproj", "{52E6E1D6-2A02-4918-99DA-4FDF9FD079E2}"
EndProject
Project("{FAE04EC0-301F-11D3-BF4B-00C04F79EFBC}") = "RKE.API.Models", "RKE.APIModels\RKE.API.Models.csproj", "{DEDA4DD2-F14A-47CF-9DF8-3C5348FC9ACB}"
EndProject
Project("{FAE04EC0-301F-11D3-BF4B-00C04F79EFBC}") = "RKE.API.BL.Concrete", "RKE.API.BL.Concrete\RKE.API.BL.Concrete.csproj", "{65B095F3-78D9-4AD8-B5C3-2F6D7D64C3C6}"
EndProject
Project("{FAE04EC0-301F-11D3-BF4B-00C04F79EFBC}") = "RKE.API.BL.Abstract", "RKE.API.BL.Abstract\RKE.API.BL.Abstract.csproj", "{819B6936-A2DA-4BE0-B1E1-A7EC789526C4}"
EndProject
Project("{FAE04EC0-301F-11D3-BF4B-00C04F79EFBC}") = "RKE.API.Shedules", "RKE.API.Shedules\RKE.API.Shedules.csproj", "{88B6AFED-A032-4476-80E2-B7294155935F}"
EndProject
Global
	GlobalSection(SolutionConfigurationPlatforms) = preSolution
		Debug|Any CPU = Debug|Any CPU
		Release|Any CPU = Release|Any CPU
	EndGlobalSection
	GlobalSection(ProjectConfigurationPlatforms) = postSolution
		{60B6292D-90C4-44DA-8AA1-3C4E9AE9BF3F}.Debug|Any CPU.ActiveCfg = Debug|Any CPU
		{60B6292D-90C4-44DA-8AA1-3C4E9AE9BF3F}.Debug|Any CPU.Build.0 = Debug|Any CPU
		{60B6292D-90C4-44DA-8AA1-3C4E9AE9BF3F}.Release|Any CPU.ActiveCfg = Release|Any CPU
		{60B6292D-90C4-44DA-8AA1-3C4E9AE9BF3F}.Release|Any CPU.Build.0 = Release|Any CPU
		{0BCCFC0E-9C66-43AC-8519-AC44F545DF0F}.Debug|Any CPU.ActiveCfg = Debug|Any CPU
		{0BCCFC0E-9C66-43AC-8519-AC44F545DF0F}.Debug|Any CPU.Build.0 = Debug|Any CPU
		{0BCCFC0E-9C66-43AC-8519-AC44F545DF0F}.Release|Any CPU.ActiveCfg = Release|Any CPU
		{0BCCFC0E-9C66-43AC-8519-AC44F545DF0F}.Release|Any CPU.Build.0 = Release|Any CPU
		{B3494E51-6785-431C-8CCC-BA1772618583}.Debug|Any CPU.ActiveCfg = Debug|Any CPU
		{B3494E51-6785-431C-8CCC-BA1772618583}.Debug|Any CPU.Build.0 = Debug|Any CPU
		{B3494E51-6785-431C-8CCC-BA1772618583}.Release|Any CPU.ActiveCfg = Release|Any CPU
		{B3494E51-6785-431C-8CCC-BA1772618583}.Release|Any CPU.Build.0 = Release|Any CPU
		{1E36CF47-8851-48A0-8778-1957B9E1C96A}.Debug|Any CPU.ActiveCfg = Debug|Any CPU
		{1E36CF47-8851-48A0-8778-1957B9E1C96A}.Debug|Any CPU.Build.0 = Debug|Any CPU
		{1E36CF47-8851-48A0-8778-1957B9E1C96A}.Release|Any CPU.ActiveCfg = Release|Any CPU
		{1E36CF47-8851-48A0-8778-1957B9E1C96A}.Release|Any CPU.Build.0 = Release|Any CPU
		{67E8D9E2-CDA5-430F-A707-8608FB1474D7}.Debug|Any CPU.ActiveCfg = Debug|Any CPU
		{67E8D9E2-CDA5-430F-A707-8608FB1474D7}.Debug|Any CPU.Build.0 = Debug|Any CPU
		{67E8D9E2-CDA5-430F-A707-8608FB1474D7}.Release|Any CPU.ActiveCfg = Release|Any CPU
		{67E8D9E2-CDA5-430F-A707-8608FB1474D7}.Release|Any CPU.Build.0 = Release|Any CPU
		{516372AB-DC22-42A6-9DA4-850C13873418}.Debug|Any CPU.ActiveCfg = Debug|Any CPU
		{516372AB-DC22-42A6-9DA4-850C13873418}.Debug|Any CPU.Build.0 = Debug|Any CPU
		{516372AB-DC22-42A6-9DA4-850C13873418}.Release|Any CPU.ActiveCfg = Release|Any CPU
		{516372AB-DC22-42A6-9DA4-850C13873418}.Release|Any CPU.Build.0 = Release|Any CPU
		{A4A9190A-7581-4BEF-B706-D82A06147B98}.Debug|Any CPU.ActiveCfg = Debug|Any CPU
		{A4A9190A-7581-4BEF-B706-D82A06147B98}.Debug|Any CPU.Build.0 = Debug|Any CPU
		{A4A9190A-7581-4BEF-B706-D82A06147B98}.Release|Any CPU.ActiveCfg = Release|Any CPU
		{A4A9190A-7581-4BEF-B706-D82A06147B98}.Release|Any CPU.Build.0 = Release|Any CPU
		{C7FCBD30-0389-4081-A1ED-80C24058D621}.Debug|Any CPU.ActiveCfg = Debug|Any CPU
		{C7FCBD30-0389-4081-A1ED-80C24058D621}.Debug|Any CPU.Build.0 = Debug|Any CPU
		{C7FCBD30-0389-4081-A1ED-80C24058D621}.Release|Any CPU.ActiveCfg = Release|Any CPU
		{C7FCBD30-0389-4081-A1ED-80C24058D621}.Release|Any CPU.Build.0 = Release|Any CPU
		{B21A4048-F59C-428B-8372-20139C32F17A}.Debug|Any CPU.ActiveCfg = Debug|Any CPU
		{B21A4048-F59C-428B-8372-20139C32F17A}.Debug|Any CPU.Build.0 = Debug|Any CPU
		{B21A4048-F59C-428B-8372-20139C32F17A}.Release|Any CPU.ActiveCfg = Release|Any CPU
		{B21A4048-F59C-428B-8372-20139C32F17A}.Release|Any CPU.Build.0 = Release|Any CPU
		{E8E7F7C3-D937-4075-B554-1A6013DDD0FD}.Debug|Any CPU.ActiveCfg = Debug|Any CPU
		{E8E7F7C3-D937-4075-B554-1A6013DDD0FD}.Debug|Any CPU.Build.0 = Debug|Any CPU
		{E8E7F7C3-D937-4075-B554-1A6013DDD0FD}.Release|Any CPU.ActiveCfg = Release|Any CPU
		{E8E7F7C3-D937-4075-B554-1A6013DDD0FD}.Release|Any CPU.Build.0 = Release|Any CPU
		{52E6E1D6-2A02-4918-99DA-4FDF9FD079E2}.Debug|Any CPU.ActiveCfg = Debug|Any CPU
		{52E6E1D6-2A02-4918-99DA-4FDF9FD079E2}.Debug|Any CPU.Build.0 = Debug|Any CPU
		{52E6E1D6-2A02-4918-99DA-4FDF9FD079E2}.Release|Any CPU.ActiveCfg = Release|Any CPU
		{52E6E1D6-2A02-4918-99DA-4FDF9FD079E2}.Release|Any CPU.Build.0 = Release|Any CPU
		{DEDA4DD2-F14A-47CF-9DF8-3C5348FC9ACB}.Debug|Any CPU.ActiveCfg = Debug|Any CPU
		{DEDA4DD2-F14A-47CF-9DF8-3C5348FC9ACB}.Debug|Any CPU.Build.0 = Debug|Any CPU
		{DEDA4DD2-F14A-47CF-9DF8-3C5348FC9ACB}.Release|Any CPU.ActiveCfg = Release|Any CPU
		{DEDA4DD2-F14A-47CF-9DF8-3C5348FC9ACB}.Release|Any CPU.Build.0 = Release|Any CPU
		{65B095F3-78D9-4AD8-B5C3-2F6D7D64C3C6}.Debug|Any CPU.ActiveCfg = Debug|Any CPU
		{65B095F3-78D9-4AD8-B5C3-2F6D7D64C3C6}.Debug|Any CPU.Build.0 = Debug|Any CPU
		{65B095F3-78D9-4AD8-B5C3-2F6D7D64C3C6}.Release|Any CPU.ActiveCfg = Release|Any CPU
		{65B095F3-78D9-4AD8-B5C3-2F6D7D64C3C6}.Release|Any CPU.Build.0 = Release|Any CPU
		{819B6936-A2DA-4BE0-B1E1-A7EC789526C4}.Debug|Any CPU.ActiveCfg = Debug|Any CPU
		{819B6936-A2DA-4BE0-B1E1-A7EC789526C4}.Debug|Any CPU.Build.0 = Debug|Any CPU
		{819B6936-A2DA-4BE0-B1E1-A7EC789526C4}.Release|Any CPU.ActiveCfg = Release|Any CPU
		{819B6936-A2DA-4BE0-B1E1-A7EC789526C4}.Release|Any CPU.Build.0 = Release|Any CPU
		{88B6AFED-A032-4476-80E2-B7294155935F}.Debug|Any CPU.ActiveCfg = Debug|Any CPU
		{88B6AFED-A032-4476-80E2-B7294155935F}.Debug|Any CPU.Build.0 = Debug|Any CPU
		{88B6AFED-A032-4476-80E2-B7294155935F}.Release|Any CPU.ActiveCfg = Release|Any CPU
		{88B6AFED-A032-4476-80E2-B7294155935F}.Release|Any CPU.Build.0 = Release|Any CPU
	EndGlobalSection
	GlobalSection(SolutionProperties) = preSolution
		HideSolutionNode = FALSE
	EndGlobalSection
EndGlobal
