
Microsoft Visual Studio Solution File, Format Version 12.00
# Visual Studio 14
VisualStudioVersion = 14.0.25420.1
MinimumVisualStudioVersion = 10.0.40219.1
Project("{FAE04EC0-301F-11D3-BF4B-00C04F79EFBC}") = "RKE.Entity", "RKE.Entity\RKE.Entity.csproj", "{60B6292D-90C4-44DA-8AA1-3C4E9AE9BF3F}"
EndProject
Project("{FAE04EC0-301F-11D3-BF4B-00C04F79EFBC}") = "RKE.OpenConsole", "RKE.OpenConsole\RKE.OpenConsole.csproj", "{0BCCFC0E-9C66-43AC-8519-AC44F545DF0F}"
EndProject
Project("{FAE04EC0-301F-11D3-BF4B-00C04F79EFBC}") = "RKE.DAL.Concrate", "RKE.DAL.Concrate\RKE.DAL.Concrate.csproj", "{B3494E51-6785-431C-8CCC-BA1772618583}"
EndProject
Project("{2150E333-8FDC-42A3-9474-1A3956D46DE8}") = "Solution Items", "Solution Items", "{EFEC77CB-334F-4DDC-B3CF-DDFC79A50BBE}"
EndProject
Project("{FAE04EC0-301F-11D3-BF4B-00C04F79EFBC}") = "RKE.DAL.Abstract", "RKE.Dal.Abstract\RKE.DAL.Abstract.csproj", "{1E36CF47-8851-48A0-8778-1957B9E1C96A}"
EndProject
Project("{FAE04EC0-301F-11D3-BF4B-00C04F79EFBC}") = "RKE.IOC.Manager", "RKE.IOC.Manager\RKE.IOC.Manager.csproj", "{F69AA04A-3EE4-4BA2-BC34-513C91B5F49E}"
EndProject
Project("{FAE04EC0-301F-11D3-BF4B-00C04F79EFBC}") = "RKE.IOC.Common", "RKE.IOC.Common\RKE.IOC.Common.csproj", "{124F3B9C-557A-4AB9-B24F-2C2CE21BCD59}"
EndProject
Project("{FAE04EC0-301F-11D3-BF4B-00C04F79EFBC}") = "RKE.UIModels", "RKE.ViewModels\RKE.UIModels.csproj", "{67E8D9E2-CDA5-430F-A707-8608FB1474D7}"
EndProject
Project("{FAE04EC0-301F-11D3-BF4B-00C04F79EFBC}") = "RKE.BL.Abstract", "RKE.BL.Abstract\RKE.BL.Abstract.csproj", "{516372AB-DC22-42A6-9DA4-850C13873418}"
EndProject
Project("{FAE04EC0-301F-11D3-BF4B-00C04F79EFBC}") = "RKE.BL.Concrete", "RKE.BL.Concrete\RKE.BL.Concrete.csproj", "{A4A9190A-7581-4BEF-B706-D82A06147B98}"
EndProject
Project("{FAE04EC0-301F-11D3-BF4B-00C04F79EFBC}") = "RKE.WebUI", "RKE.WebUI\RKE.WebUI.csproj", "{1E8ADF0E-3583-4AF1-B5D9-D038401B0180}"
EndProject
Project("{FAE04EC0-301F-11D3-BF4B-00C04F79EFBC}") = "RKE.WebUI.Tests", "RKE.WebUI.Tests\RKE.WebUI.Tests.csproj", "{5AA8D6D3-94F6-4DAA-81CB-7E1EBCBF95E4}"
EndProject
Global
	GlobalSection(SolutionConfigurationPlatforms) = preSolution
		Debug|Any CPU = Debug|Any CPU
		Release|Any CPU = Release|Any CPU
	EndGlobalSection
	GlobalSection(ProjectConfigurationPlatforms) = postSolution
		{60B6292D-90C4-44DA-8AA1-3C4E9AE9BF3F}.Debug|Any CPU.ActiveCfg = Debug|Any CPU
		{60B6292D-90C4-44DA-8AA1-3C4E9AE9BF3F}.Debug|Any CPU.Build.0 = Debug|Any CPU
		{60B6292D-90C4-44DA-8AA1-3C4E9AE9BF3F}.Release|Any CPU.ActiveCfg = Release|Any CPU
		{60B6292D-90C4-44DA-8AA1-3C4E9AE9BF3F}.Release|Any CPU.Build.0 = Release|Any CPU
		{0BCCFC0E-9C66-43AC-8519-AC44F545DF0F}.Debug|Any CPU.ActiveCfg = Debug|Any CPU
		{0BCCFC0E-9C66-43AC-8519-AC44F545DF0F}.Debug|Any CPU.Build.0 = Debug|Any CPU
		{0BCCFC0E-9C66-43AC-8519-AC44F545DF0F}.Release|Any CPU.ActiveCfg = Release|Any CPU
		{0BCCFC0E-9C66-43AC-8519-AC44F545DF0F}.Release|Any CPU.Build.0 = Release|Any CPU
		{B3494E51-6785-431C-8CCC-BA1772618583}.Debug|Any CPU.ActiveCfg = Debug|Any CPU
		{B3494E51-6785-431C-8CCC-BA1772618583}.Debug|Any CPU.Build.0 = Debug|Any CPU
		{B3494E51-6785-431C-8CCC-BA1772618583}.Release|Any CPU.ActiveCfg = Release|Any CPU
		{B3494E51-6785-431C-8CCC-BA1772618583}.Release|Any CPU.Build.0 = Release|Any CPU
		{1E36CF47-8851-48A0-8778-1957B9E1C96A}.Debug|Any CPU.ActiveCfg = Debug|Any CPU
		{1E36CF47-8851-48A0-8778-1957B9E1C96A}.Debug|Any CPU.Build.0 = Debug|Any CPU
		{1E36CF47-8851-48A0-8778-1957B9E1C96A}.Release|Any CPU.ActiveCfg = Release|Any CPU
		{1E36CF47-8851-48A0-8778-1957B9E1C96A}.Release|Any CPU.Build.0 = Release|Any CPU
		{F69AA04A-3EE4-4BA2-BC34-513C91B5F49E}.Debug|Any CPU.ActiveCfg = Debug|Any CPU
		{F69AA04A-3EE4-4BA2-BC34-513C91B5F49E}.Debug|Any CPU.Build.0 = Debug|Any CPU
		{F69AA04A-3EE4-4BA2-BC34-513C91B5F49E}.Release|Any CPU.ActiveCfg = Release|Any CPU
		{F69AA04A-3EE4-4BA2-BC34-513C91B5F49E}.Release|Any CPU.Build.0 = Release|Any CPU
		{124F3B9C-557A-4AB9-B24F-2C2CE21BCD59}.Debug|Any CPU.ActiveCfg = Debug|Any CPU
		{124F3B9C-557A-4AB9-B24F-2C2CE21BCD59}.Debug|Any CPU.Build.0 = Debug|Any CPU
		{124F3B9C-557A-4AB9-B24F-2C2CE21BCD59}.Release|Any CPU.ActiveCfg = Release|Any CPU
		{124F3B9C-557A-4AB9-B24F-2C2CE21BCD59}.Release|Any CPU.Build.0 = Release|Any CPU
		{67E8D9E2-CDA5-430F-A707-8608FB1474D7}.Debug|Any CPU.ActiveCfg = Debug|Any CPU
		{67E8D9E2-CDA5-430F-A707-8608FB1474D7}.Debug|Any CPU.Build.0 = Debug|Any CPU
		{67E8D9E2-CDA5-430F-A707-8608FB1474D7}.Release|Any CPU.ActiveCfg = Release|Any CPU
		{67E8D9E2-CDA5-430F-A707-8608FB1474D7}.Release|Any CPU.Build.0 = Release|Any CPU
		{516372AB-DC22-42A6-9DA4-850C13873418}.Debug|Any CPU.ActiveCfg = Debug|Any CPU
		{516372AB-DC22-42A6-9DA4-850C13873418}.Debug|Any CPU.Build.0 = Debug|Any CPU
		{516372AB-DC22-42A6-9DA4-850C13873418}.Release|Any CPU.ActiveCfg = Release|Any CPU
		{516372AB-DC22-42A6-9DA4-850C13873418}.Release|Any CPU.Build.0 = Release|Any CPU
		{A4A9190A-7581-4BEF-B706-D82A06147B98}.Debug|Any CPU.ActiveCfg = Debug|Any CPU
		{A4A9190A-7581-4BEF-B706-D82A06147B98}.Debug|Any CPU.Build.0 = Debug|Any CPU
		{A4A9190A-7581-4BEF-B706-D82A06147B98}.Release|Any CPU.ActiveCfg = Release|Any CPU
		{A4A9190A-7581-4BEF-B706-D82A06147B98}.Release|Any CPU.Build.0 = Release|Any CPU
		{1E8ADF0E-3583-4AF1-B5D9-D038401B0180}.Debug|Any CPU.ActiveCfg = Debug|Any CPU
		{1E8ADF0E-3583-4AF1-B5D9-D038401B0180}.Debug|Any CPU.Build.0 = Debug|Any CPU
		{1E8ADF0E-3583-4AF1-B5D9-D038401B0180}.Release|Any CPU.ActiveCfg = Release|Any CPU
		{1E8ADF0E-3583-4AF1-B5D9-D038401B0180}.Release|Any CPU.Build.0 = Release|Any CPU
		{5AA8D6D3-94F6-4DAA-81CB-7E1EBCBF95E4}.Debug|Any CPU.ActiveCfg = Debug|Any CPU
		{5AA8D6D3-94F6-4DAA-81CB-7E1EBCBF95E4}.Debug|Any CPU.Build.0 = Debug|Any CPU
		{5AA8D6D3-94F6-4DAA-81CB-7E1EBCBF95E4}.Release|Any CPU.ActiveCfg = Release|Any CPU
		{5AA8D6D3-94F6-4DAA-81CB-7E1EBCBF95E4}.Release|Any CPU.Build.0 = Release|Any CPU
	EndGlobalSection
	GlobalSection(SolutionProperties) = preSolution
		HideSolutionNode = FALSE
	EndGlobalSection
EndGlobal
